// !$*UTF8*$!
{
	archiveVersion = 1;
	classes = {
	};
	objectVersion = 46;
	objects = {

/* Begin PBXBuildFile section */
		174EFD911D714A4F00C22462 /* AppDelegate.swift in Sources */ = {isa = PBXBuildFile; fileRef = 174EFD901D714A4F00C22462 /* AppDelegate.swift */; };
		174EFD931D714A4F00C22462 /* MasterViewController.swift in Sources */ = {isa = PBXBuildFile; fileRef = 174EFD921D714A4F00C22462 /* MasterViewController.swift */; };
		174EFD951D714A4F00C22462 /* DetailViewController.swift in Sources */ = {isa = PBXBuildFile; fileRef = 174EFD941D714A4F00C22462 /* DetailViewController.swift */; };
		174EFD981D714A4F00C22462 /* Main.storyboard in Resources */ = {isa = PBXBuildFile; fileRef = 174EFD961D714A4F00C22462 /* Main.storyboard */; };
		174EFD9A1D714A4F00C22462 /* Assets.xcassets in Resources */ = {isa = PBXBuildFile; fileRef = 174EFD991D714A4F00C22462 /* Assets.xcassets */; };
		174EFD9D1D714A4F00C22462 /* LaunchScreen.storyboard in Resources */ = {isa = PBXBuildFile; fileRef = 174EFD9B1D714A4F00C22462 /* LaunchScreen.storyboard */; };
		174EFDA81D714A4F00C22462 /* PSBNTests.swift in Sources */ = {isa = PBXBuildFile; fileRef = 174EFDA71D714A4F00C22462 /* PSBNTests.swift */; };
		174EFDB31D714A4F00C22462 /* PSBNUITests.swift in Sources */ = {isa = PBXBuildFile; fileRef = 174EFDB21D714A4F00C22462 /* PSBNUITests.swift */; };
		1ADF5540FB4A87D22944544A /* Pods_PSBNUITests.framework in Frameworks */ = {isa = PBXBuildFile; fileRef = 89B86D521360FCC37CBE1CBE /* Pods_PSBNUITests.framework */; };
		1B846762D7CBB63541430B41 /* Pods_PSBN.framework in Frameworks */ = {isa = PBXBuildFile; fileRef = 4A99BE4EDF6853D1ED3C4F09 /* Pods_PSBN.framework */; };
		AFF0050FA05E7E1CE2ED4CF2 /* Pods_PSBNTests.framework in Frameworks */ = {isa = PBXBuildFile; fileRef = 58AB92646317D6F7752469EF /* Pods_PSBNTests.framework */; };
/* End PBXBuildFile section */

/* Begin PBXContainerItemProxy section */
		174EFDA41D714A4F00C22462 /* PBXContainerItemProxy */ = {
			isa = PBXContainerItemProxy;
			containerPortal = 174EFD851D714A4F00C22462 /* Project object */;
			proxyType = 1;
			remoteGlobalIDString = 174EFD8C1D714A4F00C22462;
			remoteInfo = PSBN;
		};
		174EFDAF1D714A4F00C22462 /* PBXContainerItemProxy */ = {
			isa = PBXContainerItemProxy;
			containerPortal = 174EFD851D714A4F00C22462 /* Project object */;
			proxyType = 1;
			remoteGlobalIDString = 174EFD8C1D714A4F00C22462;
			remoteInfo = PSBN;
		};
/* End PBXContainerItemProxy section */

/* Begin PBXFileReference section */
		03D8165F7E010EA7EFAEC990 /* Pods-PSBNTests.release.xcconfig */ = {isa = PBXFileReference; includeInIndex = 1; lastKnownFileType = text.xcconfig; name = "Pods-PSBNTests.release.xcconfig"; path = "Pods/Target Support Files/Pods-PSBNTests/Pods-PSBNTests.release.xcconfig"; sourceTree = "<group>"; };
		174EFD8D1D714A4F00C22462 /* PSBN.app */ = {isa = PBXFileReference; explicitFileType = wrapper.application; includeInIndex = 0; path = PSBN.app; sourceTree = BUILT_PRODUCTS_DIR; };
		174EFD901D714A4F00C22462 /* AppDelegate.swift */ = {isa = PBXFileReference; lastKnownFileType = sourcecode.swift; path = AppDelegate.swift; sourceTree = "<group>"; };
		174EFD921D714A4F00C22462 /* MasterViewController.swift */ = {isa = PBXFileReference; lastKnownFileType = sourcecode.swift; path = MasterViewController.swift; sourceTree = "<group>"; };
		174EFD941D714A4F00C22462 /* DetailViewController.swift */ = {isa = PBXFileReference; lastKnownFileType = sourcecode.swift; path = DetailViewController.swift; sourceTree = "<group>"; };
		174EFD971D714A4F00C22462 /* Base */ = {isa = PBXFileReference; lastKnownFileType = file.storyboard; name = Base; path = Base.lproj/Main.storyboard; sourceTree = "<group>"; };
		174EFD991D714A4F00C22462 /* Assets.xcassets */ = {isa = PBXFileReference; lastKnownFileType = folder.assetcatalog; path = Assets.xcassets; sourceTree = "<group>"; };
		174EFD9C1D714A4F00C22462 /* Base */ = {isa = PBXFileReference; lastKnownFileType = file.storyboard; name = Base; path = Base.lproj/LaunchScreen.storyboard; sourceTree = "<group>"; };
		174EFD9E1D714A4F00C22462 /* Info.plist */ = {isa = PBXFileReference; lastKnownFileType = text.plist.xml; path = Info.plist; sourceTree = "<group>"; };
		174EFDA31D714A4F00C22462 /* PSBNTests.xctest */ = {isa = PBXFileReference; explicitFileType = wrapper.cfbundle; includeInIndex = 0; path = PSBNTests.xctest; sourceTree = BUILT_PRODUCTS_DIR; };
		174EFDA71D714A4F00C22462 /* PSBNTests.swift */ = {isa = PBXFileReference; lastKnownFileType = sourcecode.swift; path = PSBNTests.swift; sourceTree = "<group>"; };
		174EFDA91D714A4F00C22462 /* Info.plist */ = {isa = PBXFileReference; lastKnownFileType = text.plist.xml; path = Info.plist; sourceTree = "<group>"; };
		174EFDAE1D714A4F00C22462 /* PSBNUITests.xctest */ = {isa = PBXFileReference; explicitFileType = wrapper.cfbundle; includeInIndex = 0; path = PSBNUITests.xctest; sourceTree = BUILT_PRODUCTS_DIR; };
		174EFDB21D714A4F00C22462 /* PSBNUITests.swift */ = {isa = PBXFileReference; lastKnownFileType = sourcecode.swift; path = PSBNUITests.swift; sourceTree = "<group>"; };
		174EFDB41D714A4F00C22462 /* Info.plist */ = {isa = PBXFileReference; lastKnownFileType = text.plist.xml; path = Info.plist; sourceTree = "<group>"; };
		174EFDC01D714B8700C22462 /* PSBN.entitlements */ = {isa = PBXFileReference; lastKnownFileType = text.plist.entitlements; path = PSBN.entitlements; sourceTree = "<group>"; };
		1FADB79625503702411ED240 /* Pods-PSBNUITests.release.xcconfig */ = {isa = PBXFileReference; includeInIndex = 1; lastKnownFileType = text.xcconfig; name = "Pods-PSBNUITests.release.xcconfig"; path = "Pods/Target Support Files/Pods-PSBNUITests/Pods-PSBNUITests.release.xcconfig"; sourceTree = "<group>"; };
		3D678B1029DA6976AAFC24E2 /* Pods-PSBN.release.xcconfig */ = {isa = PBXFileReference; includeInIndex = 1; lastKnownFileType = text.xcconfig; name = "Pods-PSBN.release.xcconfig"; path = "Pods/Target Support Files/Pods-PSBN/Pods-PSBN.release.xcconfig"; sourceTree = "<group>"; };
		4A99BE4EDF6853D1ED3C4F09 /* Pods_PSBN.framework */ = {isa = PBXFileReference; explicitFileType = wrapper.framework; includeInIndex = 0; path = Pods_PSBN.framework; sourceTree = BUILT_PRODUCTS_DIR; };
		58AB92646317D6F7752469EF /* Pods_PSBNTests.framework */ = {isa = PBXFileReference; explicitFileType = wrapper.framework; includeInIndex = 0; path = Pods_PSBNTests.framework; sourceTree = BUILT_PRODUCTS_DIR; };
		600D2B3F22AC7DC459C0B532 /* Pods-PSBNTests.debug.xcconfig */ = {isa = PBXFileReference; includeInIndex = 1; lastKnownFileType = text.xcconfig; name = "Pods-PSBNTests.debug.xcconfig"; path = "Pods/Target Support Files/Pods-PSBNTests/Pods-PSBNTests.debug.xcconfig"; sourceTree = "<group>"; };
		65E338D0B11881B55D189F59 /* Pods-PSBN.debug.xcconfig */ = {isa = PBXFileReference; includeInIndex = 1; lastKnownFileType = text.xcconfig; name = "Pods-PSBN.debug.xcconfig"; path = "Pods/Target Support Files/Pods-PSBN/Pods-PSBN.debug.xcconfig"; sourceTree = "<group>"; };
		89B86D521360FCC37CBE1CBE /* Pods_PSBNUITests.framework */ = {isa = PBXFileReference; explicitFileType = wrapper.framework; includeInIndex = 0; path = Pods_PSBNUITests.framework; sourceTree = BUILT_PRODUCTS_DIR; };
		C91145842CC8C26FF41B1495 /* Pods-PSBNUITests.debug.xcconfig */ = {isa = PBXFileReference; includeInIndex = 1; lastKnownFileType = text.xcconfig; name = "Pods-PSBNUITests.debug.xcconfig"; path = "Pods/Target Support Files/Pods-PSBNUITests/Pods-PSBNUITests.debug.xcconfig"; sourceTree = "<group>"; };
/* End PBXFileReference section */

/* Begin PBXFrameworksBuildPhase section */
		174EFD8A1D714A4F00C22462 /* Frameworks */ = {
			isa = PBXFrameworksBuildPhase;
			buildActionMask = 2147483647;
			files = (
				1B846762D7CBB63541430B41 /* Pods_PSBN.framework in Frameworks */,
			);
			runOnlyForDeploymentPostprocessing = 0;
		};
		174EFDA01D714A4F00C22462 /* Frameworks */ = {
			isa = PBXFrameworksBuildPhase;
			buildActionMask = 2147483647;
			files = (
				AFF0050FA05E7E1CE2ED4CF2 /* Pods_PSBNTests.framework in Frameworks */,
			);
			runOnlyForDeploymentPostprocessing = 0;
		};
		174EFDAB1D714A4F00C22462 /* Frameworks */ = {
			isa = PBXFrameworksBuildPhase;
			buildActionMask = 2147483647;
			files = (
				1ADF5540FB4A87D22944544A /* Pods_PSBNUITests.framework in Frameworks */,
			);
			runOnlyForDeploymentPostprocessing = 0;
		};
/* End PBXFrameworksBuildPhase section */

/* Begin PBXGroup section */
		174EFD841D714A4F00C22462 = {
			isa = PBXGroup;
			children = (
				174EFD8F1D714A4F00C22462 /* PSBN */,
				174EFDA61D714A4F00C22462 /* PSBNTests */,
				174EFDB11D714A4F00C22462 /* PSBNUITests */,
				174EFD8E1D714A4F00C22462 /* Products */,
				E7176DA8FBB65DB840435B2F /* Pods */,
				34DFF7D0C06D523805CDDC6B /* Frameworks */,
			);
			sourceTree = "<group>";
		};
		174EFD8E1D714A4F00C22462 /* Products */ = {
			isa = PBXGroup;
			children = (
				174EFD8D1D714A4F00C22462 /* PSBN.app */,
				174EFDA31D714A4F00C22462 /* PSBNTests.xctest */,
				174EFDAE1D714A4F00C22462 /* PSBNUITests.xctest */,
			);
			name = Products;
			sourceTree = "<group>";
		};
		174EFD8F1D714A4F00C22462 /* PSBN */ = {
			isa = PBXGroup;
			children = (
				174EFDC01D714B8700C22462 /* PSBN.entitlements */,
				174EFD901D714A4F00C22462 /* AppDelegate.swift */,
				174EFD921D714A4F00C22462 /* MasterViewController.swift */,
				174EFD941D714A4F00C22462 /* DetailViewController.swift */,
				174EFD961D714A4F00C22462 /* Main.storyboard */,
				174EFD991D714A4F00C22462 /* Assets.xcassets */,
				174EFD9B1D714A4F00C22462 /* LaunchScreen.storyboard */,
				174EFD9E1D714A4F00C22462 /* Info.plist */,
			);
			path = PSBN;
			sourceTree = "<group>";
		};
		174EFDA61D714A4F00C22462 /* PSBNTests */ = {
			isa = PBXGroup;
			children = (
				174EFDA71D714A4F00C22462 /* PSBNTests.swift */,
				174EFDA91D714A4F00C22462 /* Info.plist */,
			);
			path = PSBNTests;
			sourceTree = "<group>";
		};
		174EFDB11D714A4F00C22462 /* PSBNUITests */ = {
			isa = PBXGroup;
			children = (
				174EFDB21D714A4F00C22462 /* PSBNUITests.swift */,
				174EFDB41D714A4F00C22462 /* Info.plist */,
			);
			path = PSBNUITests;
			sourceTree = "<group>";
		};
		34DFF7D0C06D523805CDDC6B /* Frameworks */ = {
			isa = PBXGroup;
			children = (
				4A99BE4EDF6853D1ED3C4F09 /* Pods_PSBN.framework */,
				58AB92646317D6F7752469EF /* Pods_PSBNTests.framework */,
				89B86D521360FCC37CBE1CBE /* Pods_PSBNUITests.framework */,
			);
			name = Frameworks;
			sourceTree = "<group>";
		};
		E7176DA8FBB65DB840435B2F /* Pods */ = {
			isa = PBXGroup;
			children = (
				65E338D0B11881B55D189F59 /* Pods-PSBN.debug.xcconfig */,
				3D678B1029DA6976AAFC24E2 /* Pods-PSBN.release.xcconfig */,
				600D2B3F22AC7DC459C0B532 /* Pods-PSBNTests.debug.xcconfig */,
				03D8165F7E010EA7EFAEC990 /* Pods-PSBNTests.release.xcconfig */,
				C91145842CC8C26FF41B1495 /* Pods-PSBNUITests.debug.xcconfig */,
				1FADB79625503702411ED240 /* Pods-PSBNUITests.release.xcconfig */,
			);
			name = Pods;
			sourceTree = "<group>";
		};
/* End PBXGroup section */

/* Begin PBXNativeTarget section */
		174EFD8C1D714A4F00C22462 /* PSBN */ = {
			isa = PBXNativeTarget;
			buildConfigurationList = 174EFDB71D714A4F00C22462 /* Build configuration list for PBXNativeTarget "PSBN" */;
			buildPhases = (
				4B29A20612A6BF57248D7FC2 /* [CP] Check Pods Manifest.lock */,
				174EFD891D714A4F00C22462 /* Sources */,
				174EFD8A1D714A4F00C22462 /* Frameworks */,
				174EFD8B1D714A4F00C22462 /* Resources */,
				76D7875836DDBF7AF5FAB861 /* [CP] Embed Pods Frameworks */,
				23A675FF894323EAD98A5B14 /* [CP] Copy Pods Resources */,
			);
			buildRules = (
			);
			dependencies = (
			);
			name = PSBN;
			productName = PSBN;
			productReference = 174EFD8D1D714A4F00C22462 /* PSBN.app */;
			productType = "com.apple.product-type.application";
		};
		174EFDA21D714A4F00C22462 /* PSBNTests */ = {
			isa = PBXNativeTarget;
			buildConfigurationList = 174EFDBA1D714A4F00C22462 /* Build configuration list for PBXNativeTarget "PSBNTests" */;
			buildPhases = (
				104A531D35284F079302616D /* [CP] Check Pods Manifest.lock */,
				174EFD9F1D714A4F00C22462 /* Sources */,
				174EFDA01D714A4F00C22462 /* Frameworks */,
				174EFDA11D714A4F00C22462 /* Resources */,
				97AC5C970022AAE0D50FD65A /* [CP] Embed Pods Frameworks */,
				ADFA47247B5A1D27408E9EF1 /* [CP] Copy Pods Resources */,
			);
			buildRules = (
			);
			dependencies = (
				174EFDA51D714A4F00C22462 /* PBXTargetDependency */,
			);
			name = PSBNTests;
			productName = PSBNTests;
			productReference = 174EFDA31D714A4F00C22462 /* PSBNTests.xctest */;
			productType = "com.apple.product-type.bundle.unit-test";
		};
		174EFDAD1D714A4F00C22462 /* PSBNUITests */ = {
			isa = PBXNativeTarget;
			buildConfigurationList = 174EFDBD1D714A4F00C22462 /* Build configuration list for PBXNativeTarget "PSBNUITests" */;
			buildPhases = (
				36C39FDDF858390AC269E2B3 /* [CP] Check Pods Manifest.lock */,
				174EFDAA1D714A4F00C22462 /* Sources */,
				174EFDAB1D714A4F00C22462 /* Frameworks */,
				174EFDAC1D714A4F00C22462 /* Resources */,
				74DD4762E5CC59058803D41E /* [CP] Embed Pods Frameworks */,
				816264628B289DDED585CBE0 /* [CP] Copy Pods Resources */,
			);
			buildRules = (
			);
			dependencies = (
				174EFDB01D714A4F00C22462 /* PBXTargetDependency */,
			);
			name = PSBNUITests;
			productName = PSBNUITests;
			productReference = 174EFDAE1D714A4F00C22462 /* PSBNUITests.xctest */;
			productType = "com.apple.product-type.bundle.ui-testing";
		};
/* End PBXNativeTarget section */

/* Begin PBXProject section */
		174EFD851D714A4F00C22462 /* Project object */ = {
			isa = PBXProject;
			attributes = {
				LastSwiftUpdateCheck = 0800;
				LastUpgradeCheck = 0800;
				ORGANIZATIONNAME = "Victor Ilisei";
				TargetAttributes = {
					174EFD8C1D714A4F00C22462 = {
						CreatedOnToolsVersion = 8.0;
						DevelopmentTeam = 84PD2967AA;
						ProvisioningStyle = Manual;
						SystemCapabilities = {
							com.apple.Push = {
								enabled = 1;
							};
							com.apple.Siri = {
								enabled = 1;
							};
						};
					};
					174EFDA21D714A4F00C22462 = {
						CreatedOnToolsVersion = 8.0;
						DevelopmentTeam = 84PD2967AA;
						ProvisioningStyle = Automatic;
						TestTargetID = 174EFD8C1D714A4F00C22462;
					};
					174EFDAD1D714A4F00C22462 = {
						CreatedOnToolsVersion = 8.0;
						DevelopmentTeam = 84PD2967AA;
						ProvisioningStyle = Automatic;
						TestTargetID = 174EFD8C1D714A4F00C22462;
					};
				};
			};
			buildConfigurationList = 174EFD881D714A4F00C22462 /* Build configuration list for PBXProject "PSBN" */;
			compatibilityVersion = "Xcode 3.2";
			developmentRegion = English;
			hasScannedForEncodings = 0;
			knownRegions = (
				en,
				Base,
			);
			mainGroup = 174EFD841D714A4F00C22462;
			productRefGroup = 174EFD8E1D714A4F00C22462 /* Products */;
			projectDirPath = "";
			projectRoot = "";
			targets = (
				174EFD8C1D714A4F00C22462 /* PSBN */,
				174EFDA21D714A4F00C22462 /* PSBNTests */,
				174EFDAD1D714A4F00C22462 /* PSBNUITests */,
			);
		};
/* End PBXProject section */

/* Begin PBXResourcesBuildPhase section */
		174EFD8B1D714A4F00C22462 /* Resources */ = {
			isa = PBXResourcesBuildPhase;
			buildActionMask = 2147483647;
			files = (
				174EFD9D1D714A4F00C22462 /* LaunchScreen.storyboard in Resources */,
				174EFD9A1D714A4F00C22462 /* Assets.xcassets in Resources */,
				174EFD981D714A4F00C22462 /* Main.storyboard in Resources */,
			);
			runOnlyForDeploymentPostprocessing = 0;
		};
		174EFDA11D714A4F00C22462 /* Resources */ = {
			isa = PBXResourcesBuildPhase;
			buildActionMask = 2147483647;
			files = (
			);
			runOnlyForDeploymentPostprocessing = 0;
		};
		174EFDAC1D714A4F00C22462 /* Resources */ = {
			isa = PBXResourcesBuildPhase;
			buildActionMask = 2147483647;
			files = (
			);
			runOnlyForDeploymentPostprocessing = 0;
		};
/* End PBXResourcesBuildPhase section */

/* Begin PBXShellScriptBuildPhase section */
		104A531D35284F079302616D /* [CP] Check Pods Manifest.lock */ = {
			isa = PBXShellScriptBuildPhase;
			buildActionMask = 2147483647;
			files = (
			);
			inputPaths = (
			);
			name = "[CP] Check Pods Manifest.lock";
			outputPaths = (
			);
			runOnlyForDeploymentPostprocessing = 0;
			shellPath = /bin/sh;
			shellScript = "diff \"${PODS_ROOT}/../Podfile.lock\" \"${PODS_ROOT}/Manifest.lock\" > /dev/null\nif [ $? != 0 ] ; then\n    # print error to STDERR\n    echo \"error: The sandbox is not in sync with the Podfile.lock. Run 'pod install' or update your CocoaPods installation.\" >&2\n    exit 1\nfi\n";
			showEnvVarsInLog = 0;
		};
		23A675FF894323EAD98A5B14 /* [CP] Copy Pods Resources */ = {
			isa = PBXShellScriptBuildPhase;
			buildActionMask = 2147483647;
			files = (
			);
			inputPaths = (
			);
			name = "[CP] Copy Pods Resources";
			outputPaths = (
			);
			runOnlyForDeploymentPostprocessing = 0;
			shellPath = /bin/sh;
			shellScript = "\"${SRCROOT}/Pods/Target Support Files/Pods-PSBN/Pods-PSBN-resources.sh\"\n";
			showEnvVarsInLog = 0;
		};
		36C39FDDF858390AC269E2B3 /* [CP] Check Pods Manifest.lock */ = {
			isa = PBXShellScriptBuildPhase;
			buildActionMask = 2147483647;
			files = (
			);
			inputPaths = (
			);
			name = "[CP] Check Pods Manifest.lock";
			outputPaths = (
			);
			runOnlyForDeploymentPostprocessing = 0;
			shellPath = /bin/sh;
			shellScript = "diff \"${PODS_ROOT}/../Podfile.lock\" \"${PODS_ROOT}/Manifest.lock\" > /dev/null\nif [ $? != 0 ] ; then\n    # print error to STDERR\n    echo \"error: The sandbox is not in sync with the Podfile.lock. Run 'pod install' or update your CocoaPods installation.\" >&2\n    exit 1\nfi\n";
			showEnvVarsInLog = 0;
		};
		4B29A20612A6BF57248D7FC2 /* [CP] Check Pods Manifest.lock */ = {
			isa = PBXShellScriptBuildPhase;
			buildActionMask = 2147483647;
			files = (
			);
			inputPaths = (
			);
			name = "[CP] Check Pods Manifest.lock";
			outputPaths = (
			);
			runOnlyForDeploymentPostprocessing = 0;
			shellPath = /bin/sh;
			shellScript = "diff \"${PODS_ROOT}/../Podfile.lock\" \"${PODS_ROOT}/Manifest.lock\" > /dev/null\nif [ $? != 0 ] ; then\n    # print error to STDERR\n    echo \"error: The sandbox is not in sync with the Podfile.lock. Run 'pod install' or update your CocoaPods installation.\" >&2\n    exit 1\nfi\n";
			showEnvVarsInLog = 0;
		};
		74DD4762E5CC59058803D41E /* [CP] Embed Pods Frameworks */ = {
			isa = PBXShellScriptBuildPhase;
			buildActionMask = 2147483647;
			files = (
			);
			inputPaths = (
			);
			name = "[CP] Embed Pods Frameworks";
			outputPaths = (
			);
			runOnlyForDeploymentPostprocessing = 0;
			shellPath = /bin/sh;
			shellScript = "\"${SRCROOT}/Pods/Target Support Files/Pods-PSBNUITests/Pods-PSBNUITests-frameworks.sh\"\n";
			showEnvVarsInLog = 0;
		};
		76D7875836DDBF7AF5FAB861 /* [CP] Embed Pods Frameworks */ = {
			isa = PBXShellScriptBuildPhase;
			buildActionMask = 2147483647;
			files = (
			);
			inputPaths = (
			);
			name = "[CP] Embed Pods Frameworks";
			outputPaths = (
			);
			runOnlyForDeploymentPostprocessing = 0;
			shellPath = /bin/sh;
			shellScript = "\"${SRCROOT}/Pods/Target Support Files/Pods-PSBN/Pods-PSBN-frameworks.sh\"\n";
			showEnvVarsInLog = 0;
		};
		816264628B289DDED585CBE0 /* [CP] Copy Pods Resources */ = {
			isa = PBXShellScriptBuildPhase;
			buildActionMask = 2147483647;
			files = (
			);
			inputPaths = (
			);
			name = "[CP] Copy Pods Resources";
			outputPaths = (
			);
			runOnlyForDeploymentPostprocessing = 0;
			shellPath = /bin/sh;
			shellScript = "\"${SRCROOT}/Pods/Target Support Files/Pods-PSBNUITests/Pods-PSBNUITests-resources.sh\"\n";
			showEnvVarsInLog = 0;
		};
		97AC5C970022AAE0D50FD65A /* [CP] Embed Pods Frameworks */ = {
			isa = PBXShellScriptBuildPhase;
			buildActionMask = 2147483647;
			files = (
			);
			inputPaths = (
			);
			name = "[CP] Embed Pods Frameworks";
			outputPaths = (
			);
			runOnlyForDeploymentPostprocessing = 0;
			shellPath = /bin/sh;
			shellScript = "\"${SRCROOT}/Pods/Target Support Files/Pods-PSBNTests/Pods-PSBNTests-frameworks.sh\"\n";
			showEnvVarsInLog = 0;
		};
		ADFA47247B5A1D27408E9EF1 /* [CP] Copy Pods Resources */ = {
			isa = PBXShellScriptBuildPhase;
			buildActionMask = 2147483647;
			files = (
			);
			inputPaths = (
			);
			name = "[CP] Copy Pods Resources";
			outputPaths = (
			);
			runOnlyForDeploymentPostprocessing = 0;
			shellPath = /bin/sh;
			shellScript = "\"${SRCROOT}/Pods/Target Support Files/Pods-PSBNTests/Pods-PSBNTests-resources.sh\"\n";
			showEnvVarsInLog = 0;
		};
/* End PBXShellScriptBuildPhase section */

/* Begin PBXSourcesBuildPhase section */
		174EFD891D714A4F00C22462 /* Sources */ = {
			isa = PBXSourcesBuildPhase;
			buildActionMask = 2147483647;
			files = (
				174EFD951D714A4F00C22462 /* DetailViewController.swift in Sources */,
				174EFD931D714A4F00C22462 /* MasterViewController.swift in Sources */,
				174EFD911D714A4F00C22462 /* AppDelegate.swift in Sources */,
			);
			runOnlyForDeploymentPostprocessing = 0;
		};
		174EFD9F1D714A4F00C22462 /* Sources */ = {
			isa = PBXSourcesBuildPhase;
			buildActionMask = 2147483647;
			files = (
				174EFDA81D714A4F00C22462 /* PSBNTests.swift in Sources */,
			);
			runOnlyForDeploymentPostprocessing = 0;
		};
		174EFDAA1D714A4F00C22462 /* Sources */ = {
			isa = PBXSourcesBuildPhase;
			buildActionMask = 2147483647;
			files = (
				174EFDB31D714A4F00C22462 /* PSBNUITests.swift in Sources */,
			);
			runOnlyForDeploymentPostprocessing = 0;
		};
/* End PBXSourcesBuildPhase section */

/* Begin PBXTargetDependency section */
		174EFDA51D714A4F00C22462 /* PBXTargetDependency */ = {
			isa = PBXTargetDependency;
			target = 174EFD8C1D714A4F00C22462 /* PSBN */;
			targetProxy = 174EFDA41D714A4F00C22462 /* PBXContainerItemProxy */;
		};
		174EFDB01D714A4F00C22462 /* PBXTargetDependency */ = {
			isa = PBXTargetDependency;
			target = 174EFD8C1D714A4F00C22462 /* PSBN */;
			targetProxy = 174EFDAF1D714A4F00C22462 /* PBXContainerItemProxy */;
		};
/* End PBXTargetDependency section */

/* Begin PBXVariantGroup section */
		174EFD961D714A4F00C22462 /* Main.storyboard */ = {
			isa = PBXVariantGroup;
			children = (
				174EFD971D714A4F00C22462 /* Base */,
			);
			name = Main.storyboard;
			sourceTree = "<group>";
		};
		174EFD9B1D714A4F00C22462 /* LaunchScreen.storyboard */ = {
			isa = PBXVariantGroup;
			children = (
				174EFD9C1D714A4F00C22462 /* Base */,
			);
			name = LaunchScreen.storyboard;
			sourceTree = "<group>";
		};
/* End PBXVariantGroup section */

/* Begin XCBuildConfiguration section */
		174EFDB51D714A4F00C22462 /* Debug */ = {
			isa = XCBuildConfiguration;
			buildSettings = {
				ALWAYS_SEARCH_USER_PATHS = NO;
				CLANG_ANALYZER_NONNULL = YES;
				CLANG_CXX_LANGUAGE_STANDARD = "gnu++0x";
				CLANG_CXX_LIBRARY = "libc++";
				CLANG_ENABLE_MODULES = YES;
				CLANG_ENABLE_OBJC_ARC = YES;
				CLANG_WARN_BOOL_CONVERSION = YES;
				CLANG_WARN_CONSTANT_CONVERSION = YES;
				CLANG_WARN_DIRECT_OBJC_ISA_USAGE = YES_ERROR;
				CLANG_WARN_DOCUMENTATION_COMMENTS = YES;
				CLANG_WARN_EMPTY_BODY = YES;
				CLANG_WARN_ENUM_CONVERSION = YES;
				CLANG_WARN_INFINITE_RECURSION = YES;
				CLANG_WARN_INT_CONVERSION = YES;
				CLANG_WARN_OBJC_ROOT_CLASS = YES_ERROR;
				CLANG_WARN_SUSPICIOUS_MOVES = YES;
				CLANG_WARN_UNREACHABLE_CODE = YES;
				CLANG_WARN__DUPLICATE_METHOD_MATCH = YES;
				"CODE_SIGN_IDENTITY[sdk=iphoneos*]" = "iPhone Developer";
				COPY_PHASE_STRIP = NO;
				DEBUG_INFORMATION_FORMAT = dwarf;
				ENABLE_STRICT_OBJC_MSGSEND = YES;
				ENABLE_TESTABILITY = YES;
				GCC_C_LANGUAGE_STANDARD = gnu99;
				GCC_DYNAMIC_NO_PIC = NO;
				GCC_NO_COMMON_BLOCKS = YES;
				GCC_OPTIMIZATION_LEVEL = 0;
				GCC_PREPROCESSOR_DEFINITIONS = (
					"DEBUG=1",
					"$(inherited)",
				);
				GCC_WARN_64_TO_32_BIT_CONVERSION = YES;
				GCC_WARN_ABOUT_RETURN_TYPE = YES_ERROR;
				GCC_WARN_UNDECLARED_SELECTOR = YES;
				GCC_WARN_UNINITIALIZED_AUTOS = YES_AGGRESSIVE;
				GCC_WARN_UNUSED_FUNCTION = YES;
				GCC_WARN_UNUSED_VARIABLE = YES;
				IPHONEOS_DEPLOYMENT_TARGET = 10.0;
				MTL_ENABLE_DEBUG_INFO = YES;
				ONLY_ACTIVE_ARCH = YES;
				SDKROOT = iphoneos;
				SWIFT_ACTIVE_COMPILATION_CONDITIONS = DEBUG;
				SWIFT_OPTIMIZATION_LEVEL = "-Onone";
				TARGETED_DEVICE_FAMILY = "1,2";
			};
			name = Debug;
		};
		174EFDB61D714A4F00C22462 /* Release */ = {
			isa = XCBuildConfiguration;
			buildSettings = {
				ALWAYS_SEARCH_USER_PATHS = NO;
				CLANG_ANALYZER_NONNULL = YES;
				CLANG_CXX_LANGUAGE_STANDARD = "gnu++0x";
				CLANG_CXX_LIBRARY = "libc++";
				CLANG_ENABLE_MODULES = YES;
				CLANG_ENABLE_OBJC_ARC = YES;
				CLANG_WARN_BOOL_CONVERSION = YES;
				CLANG_WARN_CONSTANT_CONVERSION = YES;
				CLANG_WARN_DIRECT_OBJC_ISA_USAGE = YES_ERROR;
				CLANG_WARN_DOCUMENTATION_COMMENTS = YES;
				CLANG_WARN_EMPTY_BODY = YES;
				CLANG_WARN_ENUM_CONVERSION = YES;
				CLANG_WARN_INFINITE_RECURSION = YES;
				CLANG_WARN_INT_CONVERSION = YES;
				CLANG_WARN_OBJC_ROOT_CLASS = YES_ERROR;
				CLANG_WARN_SUSPICIOUS_MOVES = YES;
				CLANG_WARN_UNREACHABLE_CODE = YES;
				CLANG_WARN__DUPLICATE_METHOD_MATCH = YES;
				"CODE_SIGN_IDENTITY[sdk=iphoneos*]" = "iPhone Developer";
				COPY_PHASE_STRIP = NO;
				DEBUG_INFORMATION_FORMAT = "dwarf-with-dsym";
				ENABLE_NS_ASSERTIONS = NO;
				ENABLE_STRICT_OBJC_MSGSEND = YES;
				GCC_C_LANGUAGE_STANDARD = gnu99;
				GCC_NO_COMMON_BLOCKS = YES;
				GCC_WARN_64_TO_32_BIT_CONVERSION = YES;
				GCC_WARN_ABOUT_RETURN_TYPE = YES_ERROR;
				GCC_WARN_UNDECLARED_SELECTOR = YES;
				GCC_WARN_UNINITIALIZED_AUTOS = YES_AGGRESSIVE;
				GCC_WARN_UNUSED_FUNCTION = YES;
				GCC_WARN_UNUSED_VARIABLE = YES;
				IPHONEOS_DEPLOYMENT_TARGET = 10.0;
				MTL_ENABLE_DEBUG_INFO = NO;
				SDKROOT = iphoneos;
				SWIFT_OPTIMIZATION_LEVEL = "-Owholemodule";
				TARGETED_DEVICE_FAMILY = "1,2";
				VALIDATE_PRODUCT = YES;
			};
			name = Release;
		};
		174EFDB81D714A4F00C22462 /* Debug */ = {
			isa = XCBuildConfiguration;
			baseConfigurationReference = 65E338D0B11881B55D189F59 /* Pods-PSBN.debug.xcconfig */;
			buildSettings = {
				ASSETCATALOG_COMPILER_APPICON_NAME = AppIcon;
				CODE_SIGN_ENTITLEMENTS = PSBN/PSBN.entitlements;
				DEVELOPMENT_TEAM = 84PD2967AA;
				INFOPLIST_FILE = PSBN/Info.plist;
				IPHONEOS_DEPLOYMENT_TARGET = 8.0;
				LD_RUNPATH_SEARCH_PATHS = "$(inherited) @executable_path/Frameworks";
				PRODUCT_BUNDLE_IDENTIFIER = "com.Tech-Genius.PSBN";
				PRODUCT_NAME = "$(TARGET_NAME)";
				PROVISIONING_PROFILE = "c6d020ca-b340-4dce-bed4-e4e3874c31d2";
				PROVISIONING_PROFILE_SPECIFIER = "PSBN Dev";
				SWIFT_VERSION = 3.0;
			};
			name = Debug;
		};
		174EFDB91D714A4F00C22462 /* Release */ = {
			isa = XCBuildConfiguration;
			baseConfigurationReference = 3D678B1029DA6976AAFC24E2 /* Pods-PSBN.release.xcconfig */;
			buildSettings = {
				ASSETCATALOG_COMPILER_APPICON_NAME = AppIcon;
				CODE_SIGN_ENTITLEMENTS = PSBN/PSBN.entitlements;
				"CODE_SIGN_IDENTITY[sdk=iphoneos*]" = "iPhone Distribution";
				DEVELOPMENT_TEAM = 84PD2967AA;
				INFOPLIST_FILE = PSBN/Info.plist;
				IPHONEOS_DEPLOYMENT_TARGET = 8.0;
				LD_RUNPATH_SEARCH_PATHS = "$(inherited) @executable_path/Frameworks";
				PRODUCT_BUNDLE_IDENTIFIER = "com.Tech-Genius.PSBN";
				PRODUCT_NAME = "$(TARGET_NAME)";
				PROVISIONING_PROFILE = "e6b9441c-4bb4-44a4-bfd8-8b9bd8672249";
				PROVISIONING_PROFILE_SPECIFIER = "PSBN Prod";
				SWIFT_VERSION = 3.0;
			};
			name = Release;
		};
		174EFDBB1D714A4F00C22462 /* Debug */ = {
			isa = XCBuildConfiguration;
			baseConfigurationReference = 600D2B3F22AC7DC459C0B532 /* Pods-PSBNTests.debug.xcconfig */;
			buildSettings = {
				ALWAYS_EMBED_SWIFT_STANDARD_LIBRARIES = YES;
				BUNDLE_LOADER = "$(TEST_HOST)";
				DEVELOPMENT_TEAM = 84PD2967AA;
				INFOPLIST_FILE = PSBNTests/Info.plist;
				LD_RUNPATH_SEARCH_PATHS = "$(inherited) @executable_path/Frameworks @loader_path/Frameworks";
				PRODUCT_BUNDLE_IDENTIFIER = "Tech-Genius.PSBNTests";
				PRODUCT_NAME = "$(TARGET_NAME)";
				SWIFT_VERSION = 3.0;
				TEST_HOST = "$(BUILT_PRODUCTS_DIR)/PSBN.app/PSBN";
			};
			name = Debug;
		};
		174EFDBC1D714A4F00C22462 /* Release */ = {
			isa = XCBuildConfiguration;
			baseConfigurationReference = 03D8165F7E010EA7EFAEC990 /* Pods-PSBNTests.release.xcconfig */;
			buildSettings = {
				ALWAYS_EMBED_SWIFT_STANDARD_LIBRARIES = YES;
				BUNDLE_LOADER = "$(TEST_HOST)";
				DEVELOPMENT_TEAM = 84PD2967AA;
				INFOPLIST_FILE = PSBNTests/Info.plist;
				LD_RUNPATH_SEARCH_PATHS = "$(inherited) @executable_path/Frameworks @loader_path/Frameworks";
				PRODUCT_BUNDLE_IDENTIFIER = "Tech-Genius.PSBNTests";
				PRODUCT_NAME = "$(TARGET_NAME)";
				SWIFT_VERSION = 3.0;
				TEST_HOST = "$(BUILT_PRODUCTS_DIR)/PSBN.app/PSBN";
			};
			name = Release;
		};
		174EFDBE1D714A4F00C22462 /* Debug */ = {
			isa = XCBuildConfiguration;
			baseConfigurationReference = C91145842CC8C26FF41B1495 /* Pods-PSBNUITests.debug.xcconfig */;
			buildSettings = {
				ALWAYS_EMBED_SWIFT_STANDARD_LIBRARIES = YES;
				DEVELOPMENT_TEAM = 84PD2967AA;
				INFOPLIST_FILE = PSBNUITests/Info.plist;
				LD_RUNPATH_SEARCH_PATHS = "$(inherited) @executable_path/Frameworks @loader_path/Frameworks";
				PRODUCT_BUNDLE_IDENTIFIER = "Tech-Genius.PSBNUITests";
				PRODUCT_NAME = "$(TARGET_NAME)";
				SWIFT_VERSION = 3.0;
				TEST_TARGET_NAME = PSBN;
			};
			name = Debug;
		};
		174EFDBF1D714A4F00C22462 /* Release */ = {
			isa = XCBuildConfiguration;
			baseConfigurationReference = 1FADB79625503702411ED240 /* Pods-PSBNUITests.release.xcconfig */;
			buildSettings = {
				ALWAYS_EMBED_SWIFT_STANDARD_LIBRARIES = YES;
				DEVELOPMENT_TEAM = 84PD2967AA;
				INFOPLIST_FILE = PSBNUITests/Info.plist;
				LD_RUNPATH_SEARCH_PATHS = "$(inherited) @executable_path/Frameworks @loader_path/Frameworks";
				PRODUCT_BUNDLE_IDENTIFIER = "Tech-Genius.PSBNUITests";
				PRODUCT_NAME = "$(TARGET_NAME)";
				SWIFT_VERSION = 3.0;
				TEST_TARGET_NAME = PSBN;
			};
			name = Release;
		};
/* End XCBuildConfiguration section */

/* Begin XCConfigurationList section */
		174EFD881D714A4F00C22462 /* Build configuration list for PBXProject "PSBN" */ = {
			isa = XCConfigurationList;
			buildConfigurations = (
				174EFDB51D714A4F00C22462 /* Debug */,
				174EFDB61D714A4F00C22462 /* Release */,
			);
			defaultConfigurationIsVisible = 0;
			defaultConfigurationName = Release;
		};
		174EFDB71D714A4F00C22462 /* Build configuration list for PBXNativeTarget "PSBN" */ = {
			isa = XCConfigurationList;
			buildConfigurations = (
				174EFDB81D714A4F00C22462 /* Debug */,
				174EFDB91D714A4F00C22462 /* Release */,
			);
			defaultConfigurationIsVisible = 0;
			defaultConfigurationName = Release;
		};
		174EFDBA1D714A4F00C22462 /* Build configuration list for PBXNativeTarget "PSBNTests" */ = {
			isa = XCConfigurationList;
			buildConfigurations = (
				174EFDBB1D714A4F00C22462 /* Debug */,
				174EFDBC1D714A4F00C22462 /* Release */,
			);
			defaultConfigurationIsVisible = 0;
			defaultConfigurationName = Release;
		};
		174EFDBD1D714A4F00C22462 /* Build configuration list for PBXNativeTarget "PSBNUITests" */ = {
			isa = XCConfigurationList;
			buildConfigurations = (
				174EFDBE1D714A4F00C22462 /* Debug */,
				174EFDBF1D714A4F00C22462 /* Release */,
			);
			defaultConfigurationIsVisible = 0;
			defaultConfigurationName = Release;
		};
/* End XCConfigurationList section */
	};
	rootObject = 174EFD851D714A4F00C22462 /* Project object */;
}
